// !$*UTF8*$!
{
	archiveVersion = 1;
	classes = {
	};
	objectVersion = 45;
	objects = {

/* Begin PBXAggregateTarget section */
		BCBD90F00FC214B0003F2110 /* WOPublic + Run tests */ = {
			isa = PBXAggregateTarget;
			buildConfigurationList = BCBD90FA0FC214E5003F2110 /* Build configuration list for PBXAggregateTarget "WOPublic + Run tests" */;
			buildPhases = (
				BCBD90F60FC214C6003F2110 /* ShellScript */,
			);
			dependencies = (
				BCBD91100FC21506003F2110 /* PBXTargetDependency */,
				BCBD90F40FC214B4003F2110 /* PBXTargetDependency */,
			);
			name = "WOPublic + Run tests";
			productName = "WOPublic + Run tests";
		};
		BCBD91300FC22E83003F2110 /* Documentation */ = {
			isa = PBXAggregateTarget;
			buildConfigurationList = BCBD91490FC22E9C003F2110 /* Build configuration list for PBXAggregateTarget "Documentation" */;
			buildPhases = (
				BCBD912F0FC22E83003F2110 /* ShellScript */,
			);
			dependencies = (
			);
			name = Documentation;
			productName = Documentation;
		};
/* End PBXAggregateTarget section */

/* Begin PBXBuildFile section */
		8D5B49B4048680CD000E48DA /* Cocoa.framework in Frameworks */ = {isa = PBXBuildFile; fileRef = 1058C7ADFEA557BF11CA2CBB /* Cocoa.framework */; };
		BC0B9F270FFCD02F007AE543 /* WOLoginItemList.m in Sources */ = {isa = PBXBuildFile; fileRef = BC0B9F240FFCD02F007AE543 /* WOLoginItemList.m */; };
		BC0B9F280FFCD02F007AE543 /* WOLoginItem.m in Sources */ = {isa = PBXBuildFile; fileRef = BC0B9F250FFCD02F007AE543 /* WOLoginItem.m */; };
		BC0B9F320FFCD0EB007AE543 /* WOLoginItemTests.m in Sources */ = {isa = PBXBuildFile; fileRef = BC0B9F300FFCD0EB007AE543 /* WOLoginItemTests.m */; };
		BC0BA1810FFD30A3007AE543 /* NSArray+WOConvenience.m in Sources */ = {isa = PBXBuildFile; fileRef = BC0BA17F0FFD30A3007AE543 /* NSArray+WOConvenience.m */; };
		BC245F53110341E30046B11B /* NSArray+WORubyBlocks.m in Sources */ = {isa = PBXBuildFile; fileRef = BC245F52110341E30046B11B /* NSArray+WORubyBlocks.m */; };
		BC245F5A110343510046B11B /* NSArray+WORubyBlocksTest.m in Sources */ = {isa = PBXBuildFile; fileRef = BC245F59110343510046B11B /* NSArray+WORubyBlocksTest.m */; };
		BC245FD0110358B90046B11B /* WOUsageMeterTests.m in Sources */ = {isa = PBXBuildFile; fileRef = BC245FCF110358B90046B11B /* WOUsageMeterTests.m */; };
		BC245FD4110358C60046B11B /* WOUsageMeter.m in Sources */ = {isa = PBXBuildFile; fileRef = BC245FD3110358C60046B11B /* WOUsageMeter.m */; };
		BC40E83D1043176300B756BA /* WOHost.m in Sources */ = {isa = PBXBuildFile; fileRef = BC40E83C1043176300B756BA /* WOHost.m */; };
		BC40E84A1043177600B756BA /* WOHostTests.m in Sources */ = {isa = PBXBuildFile; fileRef = BC40E8491043177600B756BA /* WOHostTests.m */; };
		BC40E85D1043668200B756BA /* SystemConfiguration.framework in Frameworks */ = {isa = PBXBuildFile; fileRef = BC40E85C1043668200B756BA /* SystemConfiguration.framework */; };
		BCBD908D0FC206FC003F2110 /* NSString+WOPathUtilities.m in Sources */ = {isa = PBXBuildFile; fileRef = BCBD90810FC206FC003F2110 /* NSString+WOPathUtilities.m */; };
		BCBD908E0FC206FC003F2110 /* NSString+WOCreation.m in Sources */ = {isa = PBXBuildFile; fileRef = BCBD90850FC206FC003F2110 /* NSString+WOCreation.m */; };
		BCBD908F0FC206FC003F2110 /* NSFileManager+WOPathUtilities.m in Sources */ = {isa = PBXBuildFile; fileRef = BCBD90870FC206FC003F2110 /* NSFileManager+WOPathUtilities.m */; };
		BCBD90900FC206FC003F2110 /* NSMutableString+WOEditingUtilities.m in Sources */ = {isa = PBXBuildFile; fileRef = BCBD908A0FC206FC003F2110 /* NSMutableString+WOEditingUtilities.m */; };
		BCBD90910FC206FC003F2110 /* NSString+WOFileUtilities.m in Sources */ = {isa = PBXBuildFile; fileRef = BCBD908B0FC206FC003F2110 /* NSString+WOFileUtilities.m */; };
		BCBD90920FC206FC003F2110 /* NSMutableString+WOPathUtilities.m in Sources */ = {isa = PBXBuildFile; fileRef = BCBD908C0FC206FC003F2110 /* NSMutableString+WOPathUtilities.m */; };
		BCBD90A10FC20709003F2110 /* WOLogManager.m in Sources */ = {isa = PBXBuildFile; fileRef = BCBD90940FC20709003F2110 /* WOLogManager.m */; };
		BCBD90A20FC20709003F2110 /* WOKernelQueue.m in Sources */ = {isa = PBXBuildFile; fileRef = BCBD909A0FC20709003F2110 /* WOKernelQueue.m */; };
		BCBD90A30FC20709003F2110 /* WOArgumentArray.m in Sources */ = {isa = PBXBuildFile; fileRef = BCBD909B0FC20709003F2110 /* WOArgumentArray.m */; };
		BCBD90A40FC20709003F2110 /* WOMappedData.m in Sources */ = {isa = PBXBuildFile; fileRef = BCBD909C0FC20709003F2110 /* WOMappedData.m */; };
		BCBD90A50FC20709003F2110 /* WOObject.m in Sources */ = {isa = PBXBuildFile; fileRef = BCBD909F0FC20709003F2110 /* WOObject.m */; };
		BCBD90B60FC20713003F2110 /* NSFileManager+WOPathUtilitiesTests.m in Sources */ = {isa = PBXBuildFile; fileRef = BCBD90A60FC20713003F2110 /* NSFileManager+WOPathUtilitiesTests.m */; };
		BCBD90B70FC20713003F2110 /* NSString+WOPathUtilitiesTests.m in Sources */ = {isa = PBXBuildFile; fileRef = BCBD90AB0FC20713003F2110 /* NSString+WOPathUtilitiesTests.m */; };
		BCBD90B80FC20713003F2110 /* WOObjectTests.m in Sources */ = {isa = PBXBuildFile; fileRef = BCBD90AC0FC20713003F2110 /* WOObjectTests.m */; };
		BCBD90B90FC20713003F2110 /* WOArgumentArrayTests.m in Sources */ = {isa = PBXBuildFile; fileRef = BCBD90AD0FC20713003F2110 /* WOArgumentArrayTests.m */; };
		BCBD90BA0FC20713003F2110 /* WOMappedDataTests.m in Sources */ = {isa = PBXBuildFile; fileRef = BCBD90AE0FC20713003F2110 /* WOMappedDataTests.m */; };
		BCBD90BB0FC20713003F2110 /* WOKernelQueueTests.m in Sources */ = {isa = PBXBuildFile; fileRef = BCBD90AF0FC20713003F2110 /* WOKernelQueueTests.m */; };
		BCBD90BC0FC20713003F2110 /* NSMutableString+WOPathUtilitiesTests.m in Sources */ = {isa = PBXBuildFile; fileRef = BCBD90B40FC20713003F2110 /* NSMutableString+WOPathUtilitiesTests.m */; };
		BCBD90BD0FC20713003F2110 /* NSMutableString+WOEditingUtilitiesTests.m in Sources */ = {isa = PBXBuildFile; fileRef = BCBD90B50FC20713003F2110 /* NSMutableString+WOEditingUtilitiesTests.m */; };
		BCBD90CD0FC209DE003F2110 /* NSDictionary+WOCreationTests.m in Sources */ = {isa = PBXBuildFile; fileRef = BCBD90CB0FC209DE003F2110 /* NSDictionary+WOCreationTests.m */; };
		BCBD90D40FC209EB003F2110 /* NSDictionary+WOCreation.m in Sources */ = {isa = PBXBuildFile; fileRef = BCBD90D20FC209EB003F2110 /* NSDictionary+WOCreation.m */; };
		BCE6277210FF873D000CCA89 /* NSString+WOURLUtilities.m in Sources */ = {isa = PBXBuildFile; fileRef = BCE6276F10FF873D000CCA89 /* NSString+WOURLUtilities.m */; };
		BCE6277310FF873D000CCA89 /* NSURL+WOConvenience.m in Sources */ = {isa = PBXBuildFile; fileRef = BCE6277110FF873D000CCA89 /* NSURL+WOConvenience.m */; };
		BCF27F44103B24C8008F2449 /* WOSysctl.m in Sources */ = {isa = PBXBuildFile; fileRef = BCF27F41103B24C8008F2449 /* WOSysctl.m */; };
		BCF27F45103B24C8008F2449 /* WOProcessSerialNumber.m in Sources */ = {isa = PBXBuildFile; fileRef = BCF27F42103B24C8008F2449 /* WOProcessSerialNumber.m */; };
		BCF286D910401B76008F2449 /* WOProcessLifetime.m in Sources */ = {isa = PBXBuildFile; fileRef = BCF286D810401B76008F2449 /* WOProcessLifetime.m */; };
		BCF286EC1041C9F3008F2449 /* WOProcessManager.m in Sources */ = {isa = PBXBuildFile; fileRef = BCF286EA1041C9F2008F2449 /* WOProcessManager.m */; };
/* End PBXBuildFile section */

/* Begin PBXContainerItemProxy section */
		BCBD90F30FC214B4003F2110 /* PBXContainerItemProxy */ = {
			isa = PBXContainerItemProxy;
			containerPortal = 089C1669FE841209C02AAC07 /* Project object */;
			proxyType = 1;
			remoteGlobalIDString = 8D5B49AC048680CD000E48DA;
			remoteInfo = WOPublic;
		};
		BCBD91090FC214F9003F2110 /* PBXContainerItemProxy */ = {
			isa = PBXContainerItemProxy;
			containerPortal = BCBD90FD0FC214F9003F2110 /* WOTest.xcodeproj */;
			proxyType = 2;
			remoteGlobalIDString = BC56DDC6071BDDCE00287AF4;
			remoteInfo = WOTest;
		};
		BCBD910B0FC214F9003F2110 /* PBXContainerItemProxy */ = {
			isa = PBXContainerItemProxy;
			containerPortal = BCBD90FD0FC214F9003F2110 /* WOTest.xcodeproj */;
			proxyType = 2;
			remoteGlobalIDString = BC37AD75072872CC00FDE665;
			remoteInfo = WOTestRunner;
		};
		BCBD910D0FC214F9003F2110 /* PBXContainerItemProxy */ = {
			isa = PBXContainerItemProxy;
			containerPortal = BCBD90FD0FC214F9003F2110 /* WOTest.xcodeproj */;
			proxyType = 2;
			remoteGlobalIDString = BCA9401808566F4300FE8D18;
			remoteInfo = WOTestSelfTests;
		};
		BCBD910F0FC21506003F2110 /* PBXContainerItemProxy */ = {
			isa = PBXContainerItemProxy;
			containerPortal = BCBD90FD0FC214F9003F2110 /* WOTest.xcodeproj */;
			proxyType = 1;
			remoteGlobalIDString = BC56DDB8071BDDCE00287AF4;
			remoteInfo = WOTest;
		};
/* End PBXContainerItemProxy section */

/* Begin PBXFileReference section */
		089C1672FE841209C02AAC07 /* Foundation.framework */ = {isa = PBXFileReference; lastKnownFileType = wrapper.framework; name = Foundation.framework; path = /System/Library/Frameworks/Foundation.framework; sourceTree = "<absolute>"; };
		089C167FFE841241C02AAC07 /* AppKit.framework */ = {isa = PBXFileReference; lastKnownFileType = wrapper.framework; name = AppKit.framework; path = /System/Library/Frameworks/AppKit.framework; sourceTree = "<absolute>"; };
		1058C7ADFEA557BF11CA2CBB /* Cocoa.framework */ = {isa = PBXFileReference; lastKnownFileType = wrapper.framework; name = Cocoa.framework; path = /System/Library/Frameworks/Cocoa.framework; sourceTree = "<absolute>"; };
		8D5B49B6048680CD000E48DA /* WOPublic.bundle */ = {isa = PBXFileReference; explicitFileType = wrapper.cfbundle; includeInIndex = 0; path = WOPublic.bundle; sourceTree = BUILT_PRODUCTS_DIR; };
		8D5B49B7048680CD000E48DA /* Info.plist */ = {isa = PBXFileReference; fileEncoding = 4; lastKnownFileType = text.plist.xml; path = Info.plist; sourceTree = "<group>"; };
		BC0B9F230FFCD02F007AE543 /* WOLoginItemList.h */ = {isa = PBXFileReference; fileEncoding = 4; lastKnownFileType = sourcecode.c.h; path = WOLoginItemList.h; sourceTree = "<group>"; };
		BC0B9F240FFCD02F007AE543 /* WOLoginItemList.m */ = {isa = PBXFileReference; fileEncoding = 4; lastKnownFileType = sourcecode.c.objc; path = WOLoginItemList.m; sourceTree = "<group>"; };
		BC0B9F250FFCD02F007AE543 /* WOLoginItem.m */ = {isa = PBXFileReference; fileEncoding = 4; lastKnownFileType = sourcecode.c.objc; path = WOLoginItem.m; sourceTree = "<group>"; };
		BC0B9F260FFCD02F007AE543 /* WOLoginItem.h */ = {isa = PBXFileReference; fileEncoding = 4; lastKnownFileType = sourcecode.c.h; path = WOLoginItem.h; sourceTree = "<group>"; };
		BC0B9F300FFCD0EB007AE543 /* WOLoginItemTests.m */ = {isa = PBXFileReference; fileEncoding = 4; lastKnownFileType = sourcecode.c.objc; name = WOLoginItemTests.m; path = tests/WOLoginItemTests.m; sourceTree = "<group>"; };
		BC0B9F310FFCD0EB007AE543 /* WOLoginItemTests.h */ = {isa = PBXFileReference; fileEncoding = 4; lastKnownFileType = sourcecode.c.h; name = WOLoginItemTests.h; path = tests/WOLoginItemTests.h; sourceTree = "<group>"; };
		BC0BA05C0FFD25CD007AE543 /* base-style.xcconfig */ = {isa = PBXFileReference; fileEncoding = 4; lastKnownFileType = text.xcconfig; name = "base-style.xcconfig"; path = "buildtools/base-style.xcconfig"; sourceTree = "<group>"; };
		BC0BA05D0FFD25CD007AE543 /* loadable-bundle-target.xcconfig */ = {isa = PBXFileReference; fileEncoding = 4; lastKnownFileType = text.xcconfig; name = "loadable-bundle-target.xcconfig"; path = "buildtools/loadable-bundle-target.xcconfig"; sourceTree = "<group>"; };
		BC0BA05E0FFD25CD007AE543 /* debug-style.xcconfig */ = {isa = PBXFileReference; fileEncoding = 4; lastKnownFileType = text.xcconfig; name = "debug-style.xcconfig"; path = "buildtools/debug-style.xcconfig"; sourceTree = "<group>"; };
		BC0BA05F0FFD25CD007AE543 /* release-style.xcconfig */ = {isa = PBXFileReference; fileEncoding = 4; lastKnownFileType = text.xcconfig; name = "release-style.xcconfig"; path = "buildtools/release-style.xcconfig"; sourceTree = "<group>"; };
		BC0BA0660FFD2603007AE543 /* buildtools */ = {isa = PBXFileReference; lastKnownFileType = folder; path = buildtools; sourceTree = "<group>"; };
		BC0BA17F0FFD30A3007AE543 /* NSArray+WOConvenience.m */ = {isa = PBXFileReference; fileEncoding = 4; lastKnownFileType = sourcecode.c.objc; path = "NSArray+WOConvenience.m"; sourceTree = "<group>"; };
		BC0BA1800FFD30A3007AE543 /* NSArray+WOConvenience.h */ = {isa = PBXFileReference; fileEncoding = 4; lastKnownFileType = sourcecode.c.h; path = "NSArray+WOConvenience.h"; sourceTree = "<group>"; };
		BC245F51110341E30046B11B /* NSArray+WORubyBlocks.h */ = {isa = PBXFileReference; fileEncoding = 4; lastKnownFileType = sourcecode.c.h; path = "NSArray+WORubyBlocks.h"; sourceTree = "<group>"; };
		BC245F52110341E30046B11B /* NSArray+WORubyBlocks.m */ = {isa = PBXFileReference; fileEncoding = 4; lastKnownFileType = sourcecode.c.objc; path = "NSArray+WORubyBlocks.m"; sourceTree = "<group>"; };
		BC245F58110343510046B11B /* NSArray+WORubyBlocksTest.h */ = {isa = PBXFileReference; fileEncoding = 4; lastKnownFileType = sourcecode.c.h; name = "NSArray+WORubyBlocksTest.h"; path = "tests/NSArray+WORubyBlocksTest.h"; sourceTree = "<group>"; };
		BC245F59110343510046B11B /* NSArray+WORubyBlocksTest.m */ = {isa = PBXFileReference; fileEncoding = 4; lastKnownFileType = sourcecode.c.objc; name = "NSArray+WORubyBlocksTest.m"; path = "tests/NSArray+WORubyBlocksTest.m"; sourceTree = "<group>"; };
		BC245FCE110358B90046B11B /* WOUsageMeterTests.h */ = {isa = PBXFileReference; fileEncoding = 4; lastKnownFileType = sourcecode.c.h; name = WOUsageMeterTests.h; path = tests/WOUsageMeterTests.h; sourceTree = "<group>"; };
		BC245FCF110358B90046B11B /* WOUsageMeterTests.m */ = {isa = PBXFileReference; fileEncoding = 4; lastKnownFileType = sourcecode.c.objc; name = WOUsageMeterTests.m; path = tests/WOUsageMeterTests.m; sourceTree = "<group>"; };
		BC245FD2110358C60046B11B /* WOUsageMeter.h */ = {isa = PBXFileReference; fileEncoding = 4; lastKnownFileType = sourcecode.c.h; path = WOUsageMeter.h; sourceTree = "<group>"; };
		BC245FD3110358C60046B11B /* WOUsageMeter.m */ = {isa = PBXFileReference; fileEncoding = 4; lastKnownFileType = sourcecode.c.objc; path = WOUsageMeter.m; sourceTree = "<group>"; };
		BC40E83B1043176300B756BA /* WOHost.h */ = {isa = PBXFileReference; fileEncoding = 4; lastKnownFileType = sourcecode.c.h; path = WOHost.h; sourceTree = "<group>"; };
		BC40E83C1043176300B756BA /* WOHost.m */ = {isa = PBXFileReference; fileEncoding = 4; lastKnownFileType = sourcecode.c.objc; path = WOHost.m; sourceTree = "<group>"; };
		BC40E8481043177600B756BA /* WOHostTests.h */ = {isa = PBXFileReference; fileEncoding = 4; lastKnownFileType = sourcecode.c.h; name = WOHostTests.h; path = tests/WOHostTests.h; sourceTree = "<group>"; };
		BC40E8491043177600B756BA /* WOHostTests.m */ = {isa = PBXFileReference; fileEncoding = 4; lastKnownFileType = sourcecode.c.objc; name = WOHostTests.m; path = tests/WOHostTests.m; sourceTree = "<group>"; };
		BC40E85C1043668200B756BA /* SystemConfiguration.framework */ = {isa = PBXFileReference; lastKnownFileType = wrapper.framework; name = SystemConfiguration.framework; path = /System/Library/Frameworks/SystemConfiguration.framework; sourceTree = "<absolute>"; };
		BCBD90810FC206FC003F2110 /* NSString+WOPathUtilities.m */ = {isa = PBXFileReference; fileEncoding = 4; lastKnownFileType = sourcecode.c.objc; path = "NSString+WOPathUtilities.m"; sourceTree = "<group>"; };
		BCBD90820FC206FC003F2110 /* NSString+WOPathUtilities.h */ = {isa = PBXFileReference; fileEncoding = 4; lastKnownFileType = sourcecode.c.h; path = "NSString+WOPathUtilities.h"; sourceTree = "<group>"; };
		BCBD90830FC206FC003F2110 /* NSMutableString+WOPathUtilities.h */ = {isa = PBXFileReference; fileEncoding = 4; lastKnownFileType = sourcecode.c.h; path = "NSMutableString+WOPathUtilities.h"; sourceTree = "<group>"; };
		BCBD90840FC206FC003F2110 /* NSFileManager+WOPathUtilities.h */ = {isa = PBXFileReference; fileEncoding = 4; lastKnownFileType = sourcecode.c.h; path = "NSFileManager+WOPathUtilities.h"; sourceTree = "<group>"; };
		BCBD90850FC206FC003F2110 /* NSString+WOCreation.m */ = {isa = PBXFileReference; fileEncoding = 4; lastKnownFileType = sourcecode.c.objc; path = "NSString+WOCreation.m"; sourceTree = "<group>"; };
		BCBD90860FC206FC003F2110 /* NSString+WOCreation.h */ = {isa = PBXFileReference; fileEncoding = 4; lastKnownFileType = sourcecode.c.h; path = "NSString+WOCreation.h"; sourceTree = "<group>"; };
		BCBD90870FC206FC003F2110 /* NSFileManager+WOPathUtilities.m */ = {isa = PBXFileReference; fileEncoding = 4; lastKnownFileType = sourcecode.c.objc; path = "NSFileManager+WOPathUtilities.m"; sourceTree = "<group>"; };
		BCBD90880FC206FC003F2110 /* NSMutableString+WOEditingUtilities.h */ = {isa = PBXFileReference; fileEncoding = 4; lastKnownFileType = sourcecode.c.h; path = "NSMutableString+WOEditingUtilities.h"; sourceTree = "<group>"; };
		BCBD90890FC206FC003F2110 /* NSString+WOFileUtilities.h */ = {isa = PBXFileReference; fileEncoding = 4; lastKnownFileType = sourcecode.c.h; path = "NSString+WOFileUtilities.h"; sourceTree = "<group>"; };
		BCBD908A0FC206FC003F2110 /* NSMutableString+WOEditingUtilities.m */ = {isa = PBXFileReference; fileEncoding = 4; lastKnownFileType = sourcecode.c.objc; path = "NSMutableString+WOEditingUtilities.m"; sourceTree = "<group>"; };
		BCBD908B0FC206FC003F2110 /* NSString+WOFileUtilities.m */ = {isa = PBXFileReference; fileEncoding = 4; lastKnownFileType = sourcecode.c.objc; path = "NSString+WOFileUtilities.m"; sourceTree = "<group>"; };
		BCBD908C0FC206FC003F2110 /* NSMutableString+WOPathUtilities.m */ = {isa = PBXFileReference; fileEncoding = 4; lastKnownFileType = sourcecode.c.objc; path = "NSMutableString+WOPathUtilities.m"; sourceTree = "<group>"; };
		BCBD90930FC20709003F2110 /* WOArgumentArray.h */ = {isa = PBXFileReference; fileEncoding = 4; lastKnownFileType = sourcecode.c.h; path = WOArgumentArray.h; sourceTree = "<group>"; };
		BCBD90940FC20709003F2110 /* WOLogManager.m */ = {isa = PBXFileReference; fileEncoding = 4; lastKnownFileType = sourcecode.c.objc; path = WOLogManager.m; sourceTree = "<group>"; };
		BCBD90950FC20709003F2110 /* WOKernelQueue.h */ = {isa = PBXFileReference; fileEncoding = 4; lastKnownFileType = sourcecode.c.h; path = WOKernelQueue.h; sourceTree = "<group>"; };
		BCBD90960FC20709003F2110 /* WOObject.h */ = {isa = PBXFileReference; fileEncoding = 4; lastKnownFileType = sourcecode.c.h; path = WOObject.h; sourceTree = "<group>"; };
		BCBD90970FC20709003F2110 /* WOMappedData.h */ = {isa = PBXFileReference; fileEncoding = 4; lastKnownFileType = sourcecode.c.h; path = WOMappedData.h; sourceTree = "<group>"; };
		BCBD90980FC20709003F2110 /* WODebugMacros.h */ = {isa = PBXFileReference; fileEncoding = 4; lastKnownFileType = sourcecode.c.h; path = WODebugMacros.h; sourceTree = "<group>"; };
		BCBD90990FC20709003F2110 /* WOMemoryBarrier.h */ = {isa = PBXFileReference; fileEncoding = 4; lastKnownFileType = sourcecode.c.h; path = WOMemoryBarrier.h; sourceTree = "<group>"; };
		BCBD909A0FC20709003F2110 /* WOKernelQueue.m */ = {isa = PBXFileReference; fileEncoding = 4; lastKnownFileType = sourcecode.c.objc; path = WOKernelQueue.m; sourceTree = "<group>"; };
		BCBD909B0FC20709003F2110 /* WOArgumentArray.m */ = {isa = PBXFileReference; fileEncoding = 4; lastKnownFileType = sourcecode.c.objc; path = WOArgumentArray.m; sourceTree = "<group>"; };
		BCBD909C0FC20709003F2110 /* WOMappedData.m */ = {isa = PBXFileReference; fileEncoding = 4; lastKnownFileType = sourcecode.c.objc; path = WOMappedData.m; sourceTree = "<group>"; };
		BCBD909D0FC20709003F2110 /* WOLogManager.h */ = {isa = PBXFileReference; fileEncoding = 4; lastKnownFileType = sourcecode.c.h; path = WOLogManager.h; sourceTree = "<group>"; };
		BCBD909E0FC20709003F2110 /* WOConvenienceMacros.h */ = {isa = PBXFileReference; fileEncoding = 4; lastKnownFileType = sourcecode.c.h; path = WOConvenienceMacros.h; sourceTree = "<group>"; };
		BCBD909F0FC20709003F2110 /* WOObject.m */ = {isa = PBXFileReference; fileEncoding = 4; lastKnownFileType = sourcecode.c.objc; path = WOObject.m; sourceTree = "<group>"; };
		BCBD90A00FC20709003F2110 /* WOMemory.h */ = {isa = PBXFileReference; fileEncoding = 4; lastKnownFileType = sourcecode.c.h; path = WOMemory.h; sourceTree = "<group>"; };
		BCBD90A60FC20713003F2110 /* NSFileManager+WOPathUtilitiesTests.m */ = {isa = PBXFileReference; fileEncoding = 4; lastKnownFileType = sourcecode.c.objc; name = "NSFileManager+WOPathUtilitiesTests.m"; path = "tests/NSFileManager+WOPathUtilitiesTests.m"; sourceTree = "<group>"; };
		BCBD90A70FC20713003F2110 /* NSMutableString+WOPathUtilitiesTests.h */ = {isa = PBXFileReference; fileEncoding = 4; lastKnownFileType = sourcecode.c.h; name = "NSMutableString+WOPathUtilitiesTests.h"; path = "tests/NSMutableString+WOPathUtilitiesTests.h"; sourceTree = "<group>"; };
		BCBD90A80FC20713003F2110 /* NSString+WOPathUtilitiesTests.h */ = {isa = PBXFileReference; fileEncoding = 4; lastKnownFileType = sourcecode.c.h; name = "NSString+WOPathUtilitiesTests.h"; path = "tests/NSString+WOPathUtilitiesTests.h"; sourceTree = "<group>"; };
		BCBD90A90FC20713003F2110 /* WOArgumentArrayTests.h */ = {isa = PBXFileReference; fileEncoding = 4; lastKnownFileType = sourcecode.c.h; name = WOArgumentArrayTests.h; path = tests/WOArgumentArrayTests.h; sourceTree = "<group>"; };
		BCBD90AA0FC20713003F2110 /* WOKernelQueueTests.h */ = {isa = PBXFileReference; fileEncoding = 4; lastKnownFileType = sourcecode.c.h; name = WOKernelQueueTests.h; path = tests/WOKernelQueueTests.h; sourceTree = "<group>"; };
		BCBD90AB0FC20713003F2110 /* NSString+WOPathUtilitiesTests.m */ = {isa = PBXFileReference; fileEncoding = 4; lastKnownFileType = sourcecode.c.objc; name = "NSString+WOPathUtilitiesTests.m"; path = "tests/NSString+WOPathUtilitiesTests.m"; sourceTree = "<group>"; };
		BCBD90AC0FC20713003F2110 /* WOObjectTests.m */ = {isa = PBXFileReference; fileEncoding = 4; lastKnownFileType = sourcecode.c.objc; name = WOObjectTests.m; path = tests/WOObjectTests.m; sourceTree = "<group>"; };
		BCBD90AD0FC20713003F2110 /* WOArgumentArrayTests.m */ = {isa = PBXFileReference; fileEncoding = 4; lastKnownFileType = sourcecode.c.objc; name = WOArgumentArrayTests.m; path = tests/WOArgumentArrayTests.m; sourceTree = "<group>"; };
		BCBD90AE0FC20713003F2110 /* WOMappedDataTests.m */ = {isa = PBXFileReference; fileEncoding = 4; lastKnownFileType = sourcecode.c.objc; name = WOMappedDataTests.m; path = tests/WOMappedDataTests.m; sourceTree = "<group>"; };
		BCBD90AF0FC20713003F2110 /* WOKernelQueueTests.m */ = {isa = PBXFileReference; fileEncoding = 4; lastKnownFileType = sourcecode.c.objc; name = WOKernelQueueTests.m; path = tests/WOKernelQueueTests.m; sourceTree = "<group>"; };
		BCBD90B00FC20713003F2110 /* NSFileManager+WOPathUtilitiesTests.h */ = {isa = PBXFileReference; fileEncoding = 4; lastKnownFileType = sourcecode.c.h; name = "NSFileManager+WOPathUtilitiesTests.h"; path = "tests/NSFileManager+WOPathUtilitiesTests.h"; sourceTree = "<group>"; };
		BCBD90B10FC20713003F2110 /* WOMappedDataTests.h */ = {isa = PBXFileReference; fileEncoding = 4; lastKnownFileType = sourcecode.c.h; name = WOMappedDataTests.h; path = tests/WOMappedDataTests.h; sourceTree = "<group>"; };
		BCBD90B20FC20713003F2110 /* WOObjectTests.h */ = {isa = PBXFileReference; fileEncoding = 4; lastKnownFileType = sourcecode.c.h; name = WOObjectTests.h; path = tests/WOObjectTests.h; sourceTree = "<group>"; };
		BCBD90B30FC20713003F2110 /* NSMutableString+WOEditingUtilitiesTests.h */ = {isa = PBXFileReference; fileEncoding = 4; lastKnownFileType = sourcecode.c.h; name = "NSMutableString+WOEditingUtilitiesTests.h"; path = "tests/NSMutableString+WOEditingUtilitiesTests.h"; sourceTree = "<group>"; };
		BCBD90B40FC20713003F2110 /* NSMutableString+WOPathUtilitiesTests.m */ = {isa = PBXFileReference; fileEncoding = 4; lastKnownFileType = sourcecode.c.objc; name = "NSMutableString+WOPathUtilitiesTests.m"; path = "tests/NSMutableString+WOPathUtilitiesTests.m"; sourceTree = "<group>"; };
		BCBD90B50FC20713003F2110 /* NSMutableString+WOEditingUtilitiesTests.m */ = {isa = PBXFileReference; fileEncoding = 4; lastKnownFileType = sourcecode.c.objc; name = "NSMutableString+WOEditingUtilitiesTests.m"; path = "tests/NSMutableString+WOEditingUtilitiesTests.m"; sourceTree = "<group>"; };
		BCBD90CB0FC209DE003F2110 /* NSDictionary+WOCreationTests.m */ = {isa = PBXFileReference; fileEncoding = 4; lastKnownFileType = sourcecode.c.objc; name = "NSDictionary+WOCreationTests.m"; path = "tests/NSDictionary+WOCreationTests.m"; sourceTree = "<group>"; };
		BCBD90CC0FC209DE003F2110 /* NSDictionary+WOCreationTests.h */ = {isa = PBXFileReference; fileEncoding = 4; lastKnownFileType = sourcecode.c.h; name = "NSDictionary+WOCreationTests.h"; path = "tests/NSDictionary+WOCreationTests.h"; sourceTree = "<group>"; };
		BCBD90D20FC209EB003F2110 /* NSDictionary+WOCreation.m */ = {isa = PBXFileReference; fileEncoding = 4; lastKnownFileType = sourcecode.c.objc; path = "NSDictionary+WOCreation.m"; sourceTree = "<group>"; };
		BCBD90D30FC209EB003F2110 /* NSDictionary+WOCreation.h */ = {isa = PBXFileReference; fileEncoding = 4; lastKnownFileType = sourcecode.c.h; path = "NSDictionary+WOCreation.h"; sourceTree = "<group>"; };
		BCBD90E60FC21402003F2110 /* en */ = {isa = PBXFileReference; fileEncoding = 10; lastKnownFileType = text.plist.strings; name = en; path = en.lproj/InfoPlist.strings; sourceTree = "<group>"; };
		BCBD90FD0FC214F9003F2110 /* WOTest.xcodeproj */ = {isa = PBXFileReference; lastKnownFileType = "wrapper.pb-project"; name = WOTest.xcodeproj; path = ../../WOTest/src/WOTest.xcodeproj; sourceTree = SOURCE_ROOT; };
		BCE6276E10FF873D000CCA89 /* NSString+WOURLUtilities.h */ = {isa = PBXFileReference; fileEncoding = 4; lastKnownFileType = sourcecode.c.h; path = "NSString+WOURLUtilities.h"; sourceTree = "<group>"; };
		BCE6276F10FF873D000CCA89 /* NSString+WOURLUtilities.m */ = {isa = PBXFileReference; fileEncoding = 4; lastKnownFileType = sourcecode.c.objc; path = "NSString+WOURLUtilities.m"; sourceTree = "<group>"; };
		BCE6277010FF873D000CCA89 /* NSURL+WOConvenience.h */ = {isa = PBXFileReference; fileEncoding = 4; lastKnownFileType = sourcecode.c.h; path = "NSURL+WOConvenience.h"; sourceTree = "<group>"; };
		BCE6277110FF873D000CCA89 /* NSURL+WOConvenience.m */ = {isa = PBXFileReference; fileEncoding = 4; lastKnownFileType = sourcecode.c.objc; path = "NSURL+WOConvenience.m"; sourceTree = "<group>"; };
		BCF27F40103B24C8008F2449 /* WOSysctl.h */ = {isa = PBXFileReference; fileEncoding = 4; lastKnownFileType = sourcecode.c.h; path = WOSysctl.h; sourceTree = "<group>"; };
		BCF27F41103B24C8008F2449 /* WOSysctl.m */ = {isa = PBXFileReference; fileEncoding = 4; lastKnownFileType = sourcecode.c.objc; path = WOSysctl.m; sourceTree = "<group>"; };
		BCF27F42103B24C8008F2449 /* WOProcessSerialNumber.m */ = {isa = PBXFileReference; fileEncoding = 4; lastKnownFileType = sourcecode.c.objc; path = WOProcessSerialNumber.m; sourceTree = "<group>"; };
		BCF27F43103B24C8008F2449 /* WOProcessSerialNumber.h */ = {isa = PBXFileReference; fileEncoding = 4; lastKnownFileType = sourcecode.c.h; path = WOProcessSerialNumber.h; sourceTree = "<group>"; };
		BCF286D210401B3C008F2449 /* WOEnumerate.h */ = {isa = PBXFileReference; fileEncoding = 4; lastKnownFileType = sourcecode.c.h; path = WOEnumerate.h; sourceTree = "<group>"; };
		BCF286D710401B76008F2449 /* WOProcessLifetime.h */ = {isa = PBXFileReference; fileEncoding = 4; lastKnownFileType = sourcecode.c.h; path = WOProcessLifetime.h; sourceTree = "<group>"; };
		BCF286D810401B76008F2449 /* WOProcessLifetime.m */ = {isa = PBXFileReference; fileEncoding = 4; lastKnownFileType = sourcecode.c.objc; path = WOProcessLifetime.m; sourceTree = "<group>"; };
		BCF286EA1041C9F2008F2449 /* WOProcessManager.m */ = {isa = PBXFileReference; fileEncoding = 4; lastKnownFileType = sourcecode.c.objc; path = WOProcessManager.m; sourceTree = "<group>"; };
		BCF286EB1041C9F2008F2449 /* WOProcessManager.h */ = {isa = PBXFileReference; fileEncoding = 4; lastKnownFileType = sourcecode.c.h; path = WOProcessManager.h; sourceTree = "<group>"; };
		D2F7E65807B2D6F200F64583 /* CoreData.framework */ = {isa = PBXFileReference; lastKnownFileType = wrapper.framework; name = CoreData.framework; path = /System/Library/Frameworks/CoreData.framework; sourceTree = "<absolute>"; };
/* End PBXFileReference section */

/* Begin PBXFrameworksBuildPhase section */
		8D5B49B3048680CD000E48DA /* Frameworks */ = {
			isa = PBXFrameworksBuildPhase;
			buildActionMask = 2147483647;
			files = (
				8D5B49B4048680CD000E48DA /* Cocoa.framework in Frameworks */,
				BC40E85D1043668200B756BA /* SystemConfiguration.framework in Frameworks */,
			);
			runOnlyForDeploymentPostprocessing = 0;
		};
/* End PBXFrameworksBuildPhase section */

/* Begin PBXGroup section */
		089C166AFE841209C02AAC07 /* WOPublic */ = {
			isa = PBXGroup;
			children = (
				BC0BA0660FFD2603007AE543 /* buildtools */,
				BCBD90F90FC214E5003F2110 /* Dependencies */,
				BCBD904E0FC204A2003F2110 /* Configuration */,
				BCBD90670FC206A7003F2110 /* Headers */,
				BCBD90660FC2069F003F2110 /* Categories */,
				08FB77AFFE84173DC02AAC07 /* Classes */,
				BCBD90690FC206BE003F2110 /* Tests */,
				32C88E010371C26100C91783 /* Other Sources */,
				089C167CFE841241C02AAC07 /* Resources */,
				089C1671FE841209C02AAC07 /* Frameworks and Libraries */,
				19C28FB8FE9D52D311CA2CBB /* Products */,
			);
			name = WOPublic;
			sourceTree = "<group>";
		};
		089C1671FE841209C02AAC07 /* Frameworks and Libraries */ = {
			isa = PBXGroup;
			children = (
				1058C7ACFEA557BF11CA2CBB /* Linked Frameworks */,
				1058C7AEFEA557BF11CA2CBB /* Other Frameworks */,
			);
			name = "Frameworks and Libraries";
			sourceTree = "<group>";
		};
		089C167CFE841241C02AAC07 /* Resources */ = {
			isa = PBXGroup;
			children = (
				BCBD90E50FC21402003F2110 /* InfoPlist.strings */,
				8D5B49B7048680CD000E48DA /* Info.plist */,
			);
			name = Resources;
			sourceTree = "<group>";
		};
		08FB77AFFE84173DC02AAC07 /* Classes */ = {
			isa = PBXGroup;
			children = (
				BC245FD2110358C60046B11B /* WOUsageMeter.h */,
				BC245FD3110358C60046B11B /* WOUsageMeter.m */,
				BCBD90930FC20709003F2110 /* WOArgumentArray.h */,
				BCBD909B0FC20709003F2110 /* WOArgumentArray.m */,
				BC40E83B1043176300B756BA /* WOHost.h */,
				BC40E83C1043176300B756BA /* WOHost.m */,
				BCBD90950FC20709003F2110 /* WOKernelQueue.h */,
				BCBD909A0FC20709003F2110 /* WOKernelQueue.m */,
				BC0B9F260FFCD02F007AE543 /* WOLoginItem.h */,
				BC0B9F250FFCD02F007AE543 /* WOLoginItem.m */,
				BC0B9F230FFCD02F007AE543 /* WOLoginItemList.h */,
				BC0B9F240FFCD02F007AE543 /* WOLoginItemList.m */,
				BCBD909D0FC20709003F2110 /* WOLogManager.h */,
				BCBD90940FC20709003F2110 /* WOLogManager.m */,
				BCBD90970FC20709003F2110 /* WOMappedData.h */,
				BCBD909C0FC20709003F2110 /* WOMappedData.m */,
				BCBD90960FC20709003F2110 /* WOObject.h */,
				BCBD909F0FC20709003F2110 /* WOObject.m */,
				BCF286D710401B76008F2449 /* WOProcessLifetime.h */,
				BCF286D810401B76008F2449 /* WOProcessLifetime.m */,
				BCF286EB1041C9F2008F2449 /* WOProcessManager.h */,
				BCF286EA1041C9F2008F2449 /* WOProcessManager.m */,
				BCF27F43103B24C8008F2449 /* WOProcessSerialNumber.h */,
				BCF27F42103B24C8008F2449 /* WOProcessSerialNumber.m */,
				BCF27F40103B24C8008F2449 /* WOSysctl.h */,
				BCF27F41103B24C8008F2449 /* WOSysctl.m */,
			);
			name = Classes;
			sourceTree = "<group>";
		};
		1058C7ACFEA557BF11CA2CBB /* Linked Frameworks */ = {
			isa = PBXGroup;
			children = (
				BC40E85C1043668200B756BA /* SystemConfiguration.framework */,
				1058C7ADFEA557BF11CA2CBB /* Cocoa.framework */,
			);
			name = "Linked Frameworks";
			sourceTree = "<group>";
		};
		1058C7AEFEA557BF11CA2CBB /* Other Frameworks */ = {
			isa = PBXGroup;
			children = (
				089C167FFE841241C02AAC07 /* AppKit.framework */,
				D2F7E65807B2D6F200F64583 /* CoreData.framework */,
				089C1672FE841209C02AAC07 /* Foundation.framework */,
			);
			name = "Other Frameworks";
			sourceTree = "<group>";
		};
		19C28FB8FE9D52D311CA2CBB /* Products */ = {
			isa = PBXGroup;
			children = (
				8D5B49B6048680CD000E48DA /* WOPublic.bundle */,
			);
			name = Products;
			sourceTree = "<group>";
		};
		32C88E010371C26100C91783 /* Other Sources */ = {
			isa = PBXGroup;
			children = (
			);
			name = "Other Sources";
			sourceTree = "<group>";
		};
		BCBD904E0FC204A2003F2110 /* Configuration */ = {
			isa = PBXGroup;
			children = (
				BC0BA05C0FFD25CD007AE543 /* base-style.xcconfig */,
				BC0BA05E0FFD25CD007AE543 /* debug-style.xcconfig */,
				BC0BA05D0FFD25CD007AE543 /* loadable-bundle-target.xcconfig */,
				BC0BA05F0FFD25CD007AE543 /* release-style.xcconfig */,
			);
			name = Configuration;
			sourceTree = "<group>";
		};
		BCBD90660FC2069F003F2110 /* Categories */ = {
			isa = PBXGroup;
			children = (
				BC0BA1800FFD30A3007AE543 /* NSArray+WOConvenience.h */,
				BC0BA17F0FFD30A3007AE543 /* NSArray+WOConvenience.m */,
				BC245F51110341E30046B11B /* NSArray+WORubyBlocks.h */,
				BC245F52110341E30046B11B /* NSArray+WORubyBlocks.m */,
				BCBD90D30FC209EB003F2110 /* NSDictionary+WOCreation.h */,
				BCBD90D20FC209EB003F2110 /* NSDictionary+WOCreation.m */,
				BCBD90840FC206FC003F2110 /* NSFileManager+WOPathUtilities.h */,
				BCBD90870FC206FC003F2110 /* NSFileManager+WOPathUtilities.m */,
				BCBD90880FC206FC003F2110 /* NSMutableString+WOEditingUtilities.h */,
				BCBD908A0FC206FC003F2110 /* NSMutableString+WOEditingUtilities.m */,
				BCBD90830FC206FC003F2110 /* NSMutableString+WOPathUtilities.h */,
				BCBD908C0FC206FC003F2110 /* NSMutableString+WOPathUtilities.m */,
				BCBD90860FC206FC003F2110 /* NSString+WOCreation.h */,
				BCBD90850FC206FC003F2110 /* NSString+WOCreation.m */,
				BCBD90890FC206FC003F2110 /* NSString+WOFileUtilities.h */,
				BCBD908B0FC206FC003F2110 /* NSString+WOFileUtilities.m */,
				BCBD90820FC206FC003F2110 /* NSString+WOPathUtilities.h */,
				BCBD90810FC206FC003F2110 /* NSString+WOPathUtilities.m */,
				BCE6276E10FF873D000CCA89 /* NSString+WOURLUtilities.h */,
				BCE6276F10FF873D000CCA89 /* NSString+WOURLUtilities.m */,
				BCE6277010FF873D000CCA89 /* NSURL+WOConvenience.h */,
				BCE6277110FF873D000CCA89 /* NSURL+WOConvenience.m */,
			);
			name = Categories;
			sourceTree = "<group>";
		};
		BCBD90670FC206A7003F2110 /* Headers */ = {
			isa = PBXGroup;
			children = (
				BCBD909E0FC20709003F2110 /* WOConvenienceMacros.h */,
				BCBD90980FC20709003F2110 /* WODebugMacros.h */,
				BCF286D210401B3C008F2449 /* WOEnumerate.h */,
				BCBD90A00FC20709003F2110 /* WOMemory.h */,
				BCBD90990FC20709003F2110 /* WOMemoryBarrier.h */,
			);
			name = Headers;
			sourceTree = "<group>";
		};
		BCBD90690FC206BE003F2110 /* Tests */ = {
			isa = PBXGroup;
			children = (
				BC245FCE110358B90046B11B /* WOUsageMeterTests.h */,
				BC245FCF110358B90046B11B /* WOUsageMeterTests.m */,
				BC245F58110343510046B11B /* NSArray+WORubyBlocksTest.h */,
				BC245F59110343510046B11B /* NSArray+WORubyBlocksTest.m */,
				BCBD90CC0FC209DE003F2110 /* NSDictionary+WOCreationTests.h */,
				BCBD90CB0FC209DE003F2110 /* NSDictionary+WOCreationTests.m */,
				BCBD90B00FC20713003F2110 /* NSFileManager+WOPathUtilitiesTests.h */,
				BCBD90A60FC20713003F2110 /* NSFileManager+WOPathUtilitiesTests.m */,
				BCBD90B30FC20713003F2110 /* NSMutableString+WOEditingUtilitiesTests.h */,
				BCBD90B50FC20713003F2110 /* NSMutableString+WOEditingUtilitiesTests.m */,
				BCBD90A70FC20713003F2110 /* NSMutableString+WOPathUtilitiesTests.h */,
				BCBD90B40FC20713003F2110 /* NSMutableString+WOPathUtilitiesTests.m */,
				BCBD90A80FC20713003F2110 /* NSString+WOPathUtilitiesTests.h */,
				BCBD90AB0FC20713003F2110 /* NSString+WOPathUtilitiesTests.m */,
				BCBD90A90FC20713003F2110 /* WOArgumentArrayTests.h */,
				BCBD90AD0FC20713003F2110 /* WOArgumentArrayTests.m */,
				BC40E8481043177600B756BA /* WOHostTests.h */,
				BC40E8491043177600B756BA /* WOHostTests.m */,
				BCBD90AA0FC20713003F2110 /* WOKernelQueueTests.h */,
				BCBD90AF0FC20713003F2110 /* WOKernelQueueTests.m */,
				BC0B9F310FFCD0EB007AE543 /* WOLoginItemTests.h */,
				BC0B9F300FFCD0EB007AE543 /* WOLoginItemTests.m */,
				BCBD90B10FC20713003F2110 /* WOMappedDataTests.h */,
				BCBD90AE0FC20713003F2110 /* WOMappedDataTests.m */,
				BCBD90B20FC20713003F2110 /* WOObjectTests.h */,
				BCBD90AC0FC20713003F2110 /* WOObjectTests.m */,
			);
			name = Tests;
			sourceTree = "<group>";
		};
		BCBD90F90FC214E5003F2110 /* Dependencies */ = {
			isa = PBXGroup;
			children = (
				BCBD90FD0FC214F9003F2110 /* WOTest.xcodeproj */,
			);
			name = Dependencies;
			sourceTree = "<group>";
		};
		BCBD90FE0FC214F9003F2110 /* Products */ = {
			isa = PBXGroup;
			children = (
				BCBD910A0FC214F9003F2110 /* WOTest.framework */,
				BCBD910C0FC214F9003F2110 /* WOTestRunner */,
				BCBD910E0FC214F9003F2110 /* WOTestSelfTests.bundle */,
			);
			name = Products;
			sourceTree = "<group>";
		};
/* End PBXGroup section */

/* Begin PBXNativeTarget section */
		8D5B49AC048680CD000E48DA /* WOPublic */ = {
			isa = PBXNativeTarget;
			buildConfigurationList = 1DEB913A08733D840010E9CD /* Build configuration list for PBXNativeTarget "WOPublic" */;
			buildPhases = (
				8D5B49AF048680CD000E48DA /* Resources */,
				8D5B49B1048680CD000E48DA /* Sources */,
				8D5B49B3048680CD000E48DA /* Frameworks */,
			);
			buildRules = (
			);
			dependencies = (
			);
			name = WOPublic;
			productInstallPath = "$(HOME)/Library/Bundles";
			productName = WOPublic;
			productReference = 8D5B49B6048680CD000E48DA /* WOPublic.bundle */;
			productType = "com.apple.product-type.bundle";
		};
/* End PBXNativeTarget section */

/* Begin PBXProject section */
		089C1669FE841209C02AAC07 /* Project object */ = {
			isa = PBXProject;
			buildConfigurationList = 1DEB913E08733D840010E9CD /* Build configuration list for PBXProject "WOPublic" */;
			compatibilityVersion = "Xcode 3.1";
			hasScannedForEncodings = 1;
			knownRegions = (
				English,
				Japanese,
				French,
				German,
				en,
			);
			mainGroup = 089C166AFE841209C02AAC07 /* WOPublic */;
			projectDirPath = "";
			projectReferences = (
				{
					ProductGroup = BCBD90FE0FC214F9003F2110 /* Products */;
					ProjectRef = BCBD90FD0FC214F9003F2110 /* WOTest.xcodeproj */;
				},
			);
			projectRoot = "";
			targets = (
				8D5B49AC048680CD000E48DA /* WOPublic */,
				BCBD90F00FC214B0003F2110 /* WOPublic + Run tests */,
				BCBD91300FC22E83003F2110 /* Documentation */,
			);
		};
/* End PBXProject section */

/* Begin PBXReferenceProxy section */
		BCBD910A0FC214F9003F2110 /* WOTest.framework */ = {
			isa = PBXReferenceProxy;
			fileType = wrapper.framework;
			path = WOTest.framework;
			remoteRef = BCBD91090FC214F9003F2110 /* PBXContainerItemProxy */;
			sourceTree = BUILT_PRODUCTS_DIR;
		};
		BCBD910C0FC214F9003F2110 /* WOTestRunner */ = {
			isa = PBXReferenceProxy;
			fileType = "compiled.mach-o.executable";
			path = WOTestRunner;
			remoteRef = BCBD910B0FC214F9003F2110 /* PBXContainerItemProxy */;
			sourceTree = BUILT_PRODUCTS_DIR;
		};
		BCBD910E0FC214F9003F2110 /* WOTestSelfTests.bundle */ = {
			isa = PBXReferenceProxy;
			fileType = wrapper.cfbundle;
			path = WOTestSelfTests.bundle;
			remoteRef = BCBD910D0FC214F9003F2110 /* PBXContainerItemProxy */;
			sourceTree = BUILT_PRODUCTS_DIR;
		};
/* End PBXReferenceProxy section */

/* Begin PBXResourcesBuildPhase section */
		8D5B49AF048680CD000E48DA /* Resources */ = {
			isa = PBXResourcesBuildPhase;
			buildActionMask = 2147483647;
			files = (
			);
			runOnlyForDeploymentPostprocessing = 0;
		};
/* End PBXResourcesBuildPhase section */

/* Begin PBXShellScriptBuildPhase section */
		BCBD90F60FC214C6003F2110 /* ShellScript */ = {
			isa = PBXShellScriptBuildPhase;
			buildActionMask = 2147483647;
			files = (
			);
			inputPaths = (
			);
			outputPaths = (
			);
			runOnlyForDeploymentPostprocessing = 0;
			shellPath = /bin/sh;
			shellScript = "export DYLD_FRAMEWORK_PATH=\"${TARGET_BUILD_DIR}\"\n\n\"${TARGET_BUILD_DIR}/WOTest.framework/Versions/A/Resources/WOTestRunner\" --test-bundle=\"${TARGET_BUILD_DIR}/WOPublic.bundle\"";
		};
		BCBD912F0FC22E83003F2110 /* ShellScript */ = {
			isa = PBXShellScriptBuildPhase;
			buildActionMask = 2147483647;
			files = (
			);
			inputPaths = (
			);
			outputPaths = (
			);
			runOnlyForDeploymentPostprocessing = 0;
			shellPath = /bin/sh;
			shellScript = ". \"${BUILDTOOLS_DIR}/RunDoxygen.sh\"";
		};
/* End PBXShellScriptBuildPhase section */

/* Begin PBXSourcesBuildPhase section */
		8D5B49B1048680CD000E48DA /* Sources */ = {
			isa = PBXSourcesBuildPhase;
			buildActionMask = 2147483647;
			files = (
				BCBD908D0FC206FC003F2110 /* NSString+WOPathUtilities.m in Sources */,
				BCBD908E0FC206FC003F2110 /* NSString+WOCreation.m in Sources */,
				BCBD908F0FC206FC003F2110 /* NSFileManager+WOPathUtilities.m in Sources */,
				BCBD90900FC206FC003F2110 /* NSMutableString+WOEditingUtilities.m in Sources */,
				BCBD90910FC206FC003F2110 /* NSString+WOFileUtilities.m in Sources */,
				BCBD90920FC206FC003F2110 /* NSMutableString+WOPathUtilities.m in Sources */,
				BCBD90A10FC20709003F2110 /* WOLogManager.m in Sources */,
				BCBD90A20FC20709003F2110 /* WOKernelQueue.m in Sources */,
				BCBD90A30FC20709003F2110 /* WOArgumentArray.m in Sources */,
				BCBD90A40FC20709003F2110 /* WOMappedData.m in Sources */,
				BCBD90A50FC20709003F2110 /* WOObject.m in Sources */,
				BCBD90B60FC20713003F2110 /* NSFileManager+WOPathUtilitiesTests.m in Sources */,
				BCBD90B70FC20713003F2110 /* NSString+WOPathUtilitiesTests.m in Sources */,
				BCBD90B80FC20713003F2110 /* WOObjectTests.m in Sources */,
				BCBD90B90FC20713003F2110 /* WOArgumentArrayTests.m in Sources */,
				BCBD90BA0FC20713003F2110 /* WOMappedDataTests.m in Sources */,
				BCBD90BB0FC20713003F2110 /* WOKernelQueueTests.m in Sources */,
				BCBD90BC0FC20713003F2110 /* NSMutableString+WOPathUtilitiesTests.m in Sources */,
				BCBD90BD0FC20713003F2110 /* NSMutableString+WOEditingUtilitiesTests.m in Sources */,
				BCBD90CD0FC209DE003F2110 /* NSDictionary+WOCreationTests.m in Sources */,
				BCBD90D40FC209EB003F2110 /* NSDictionary+WOCreation.m in Sources */,
				BC0B9F270FFCD02F007AE543 /* WOLoginItemList.m in Sources */,
				BC0B9F280FFCD02F007AE543 /* WOLoginItem.m in Sources */,
				BC0B9F320FFCD0EB007AE543 /* WOLoginItemTests.m in Sources */,
				BC0BA1810FFD30A3007AE543 /* NSArray+WOConvenience.m in Sources */,
				BCF27F44103B24C8008F2449 /* WOSysctl.m in Sources */,
				BCF27F45103B24C8008F2449 /* WOProcessSerialNumber.m in Sources */,
				BCF286D910401B76008F2449 /* WOProcessLifetime.m in Sources */,
				BCF286EC1041C9F3008F2449 /* WOProcessManager.m in Sources */,
				BC40E83D1043176300B756BA /* WOHost.m in Sources */,
				BC40E84A1043177600B756BA /* WOHostTests.m in Sources */,
				BCE6277210FF873D000CCA89 /* NSString+WOURLUtilities.m in Sources */,
				BCE6277310FF873D000CCA89 /* NSURL+WOConvenience.m in Sources */,
				BC245F53110341E30046B11B /* NSArray+WORubyBlocks.m in Sources */,
				BC245F5A110343510046B11B /* NSArray+WORubyBlocksTest.m in Sources */,
				BC245FD0110358B90046B11B /* WOUsageMeterTests.m in Sources */,
				BC245FD4110358C60046B11B /* WOUsageMeter.m in Sources */,
			);
			runOnlyForDeploymentPostprocessing = 0;
		};
/* End PBXSourcesBuildPhase section */

/* Begin PBXTargetDependency section */
		BCBD90F40FC214B4003F2110 /* PBXTargetDependency */ = {
			isa = PBXTargetDependency;
			target = 8D5B49AC048680CD000E48DA /* WOPublic */;
			targetProxy = BCBD90F30FC214B4003F2110 /* PBXContainerItemProxy */;
		};
		BCBD91100FC21506003F2110 /* PBXTargetDependency */ = {
			isa = PBXTargetDependency;
			name = WOTest;
			targetProxy = BCBD910F0FC21506003F2110 /* PBXContainerItemProxy */;
		};
/* End PBXTargetDependency section */

/* Begin PBXVariantGroup section */
		BCBD90E50FC21402003F2110 /* InfoPlist.strings */ = {
			isa = PBXVariantGroup;
			children = (
				BCBD90E60FC21402003F2110 /* en */,
			);
			name = InfoPlist.strings;
			sourceTree = "<group>";
		};
/* End PBXVariantGroup section */

/* Begin XCBuildConfiguration section */
		1DEB913B08733D840010E9CD /* Debug */ = {
			isa = XCBuildConfiguration;
			baseConfigurationReference = BC0BA05D0FFD25CD007AE543 /* loadable-bundle-target.xcconfig */;
			buildSettings = {
				INFOPLIST_FILE = Info.plist;
				PRODUCT_NAME = WOPublic;
			};
			name = Debug;
		};
		1DEB913C08733D840010E9CD /* Release */ = {
			isa = XCBuildConfiguration;
			baseConfigurationReference = BC0BA05D0FFD25CD007AE543 /* loadable-bundle-target.xcconfig */;
			buildSettings = {
				INFOPLIST_FILE = Info.plist;
				PRODUCT_NAME = WOPublic;
			};
			name = Release;
		};
		1DEB913F08733D840010E9CD /* Debug */ = {
			isa = XCBuildConfiguration;
			baseConfigurationReference = BC0BA05E0FFD25CD007AE543 /* debug-style.xcconfig */;
			buildSettings = {
			};
			name = Debug;
		};
		1DEB914008733D840010E9CD /* Release */ = {
			isa = XCBuildConfiguration;
			baseConfigurationReference = BC0BA05F0FFD25CD007AE543 /* release-style.xcconfig */;
			buildSettings = {
			};
			name = Release;
		};
		BCBD90F10FC214B0003F2110 /* Debug */ = {
			isa = XCBuildConfiguration;
			buildSettings = {
				PRODUCT_NAME = WOPublic;
			};
			name = Debug;
		};
		BCBD90F20FC214B0003F2110 /* Release */ = {
			isa = XCBuildConfiguration;
			buildSettings = {
				PRODUCT_NAME = WOPublic;
			};
			name = Release;
		};
		BCBD91310FC22E83003F2110 /* Debug */ = {
			isa = XCBuildConfiguration;
			buildSettings = {
				COPY_PHASE_STRIP = NO;
				GCC_DYNAMIC_NO_PIC = NO;
				GCC_OPTIMIZATION_LEVEL = 0;
				PRODUCT_NAME = Documentation;
			};
			name = Debug;
		};
		BCBD91320FC22E83003F2110 /* Release */ = {
			isa = XCBuildConfiguration;
			buildSettings = {
				COPY_PHASE_STRIP = YES;
				DEBUG_INFORMATION_FORMAT = "dwarf-with-dsym";
				GCC_ENABLE_FIX_AND_CONTINUE = NO;
				PRODUCT_NAME = Documentation;
				ZERO_LINK = NO;
			};
			name = Release;
		};
/* End XCBuildConfiguration section */

/* Begin XCConfigurationList section */
		1DEB913A08733D840010E9CD /* Build configuration list for PBXNativeTarget "WOPublic" */ = {
			isa = XCConfigurationList;
			buildConfigurations = (
				1DEB913B08733D840010E9CD /* Debug */,
				1DEB913C08733D840010E9CD /* Release */,
			);
			defaultConfigurationIsVisible = 0;
			defaultConfigurationName = Release;
		};
		1DEB913E08733D840010E9CD /* Build configuration list for PBXProject "WOPublic" */ = {
			isa = XCConfigurationList;
			buildConfigurations = (
				1DEB913F08733D840010E9CD /* Debug */,
				1DEB914008733D840010E9CD /* Release */,
			);
			defaultConfigurationIsVisible = 0;
			defaultConfigurationName = Release;
		};
		BCBD90FA0FC214E5003F2110 /* Build configuration list for PBXAggregateTarget "WOPublic + Run tests" */ = {
			isa = XCConfigurationList;
			buildConfigurations = (
				BCBD90F10FC214B0003F2110 /* Debug */,
				BCBD90F20FC214B0003F2110 /* Release */,
			);
			defaultConfigurationIsVisible = 0;
			defaultConfigurationName = Release;
		};
		BCBD91490FC22E9C003F2110 /* Build configuration list for PBXAggregateTarget "Documentation" */ = {
			isa = XCConfigurationList;
			buildConfigurations = (
				BCBD91310FC22E83003F2110 /* Debug */,
				BCBD91320FC22E83003F2110 /* Release */,
			);
			defaultConfigurationIsVisible = 0;
			defaultConfigurationName = Release;
		};
/* End XCConfigurationList section */
	};
	rootObject = 089C1669FE841209C02AAC07 /* Project object */;
}
